<?xml version="1.0" encoding="utf-8"?>
<Project ToolsVersion="4.0" xmlns="http://schemas.microsoft.com/developer/msbuild/2003">
  <ItemGroup>
    <ClInclude Include="_Input\_\Engine\Audio.hpp">
      <Filter>Engine</Filter>
    </ClInclude>
    <ClInclude Include="_Input\_\Engine\Debug.hpp">
      <Filter>Engine</Filter>
    </ClInclude>
    <ClInclude Include="_Input\_\Engine\Input.hpp">
      <Filter>Engine</Filter>
    </ClInclude>
    <ClInclude Include="_Input\_\Engine\World.hpp">
      <Filter>Engine</Filter>
    </ClInclude>
    <ClInclude Include="_Input\_\Engine\Time.hpp">
      <Filter>Engine</Filter>
    </ClInclude>
    <ClInclude Include="_Input\_\Engine\Video.hpp">
      <Filter>Engine</Filter>
    </ClInclude>
    <ClInclude Include="_Input\_\Engine.hpp" />
    <ClInclude Include="_Input\_\Game.hpp" />
    <ClInclude Include="_Input\_\Engine\Character.hpp">
      <Filter>Engine</Filter>
    </ClInclude>
    <ClInclude Include="_Input\_\Engine\Font.hpp">
      <Filter>Engine</Filter>
    </ClInclude>
    <ClInclude Include="_Input\_\Engine\Sound.hpp">
      <Filter>Engine</Filter>
    </ClInclude>
    <ClInclude Include="_Input\_\Engine\Texture.hpp">
      <Filter>Engine</Filter>
    </ClInclude>
    <ClInclude Include="_Input\_\Engine\Track.hpp">
      <Filter>Engine</Filter>
    </ClInclude>
    <ClInclude Include="_Input\_\Engine\Partition.hpp">
      <Filter>Engine</Filter>
    </ClInclude>
  </ItemGroup>
  <ItemGroup>
    <ClCompile Include="_Input\_\Engine\Audio.cpp">
      <Filter>Engine</Filter>
    </ClCompile>
    <ClCompile Include="_Input\_\Engine\Debug.cpp">
      <Filter>Engine</Filter>
    </ClCompile>
    <ClCompile Include="_Input\_\Engine\Input.cpp">
      <Filter>Engine</Filter>
    </ClCompile>
    <ClCompile Include="_Input\_\Engine\World.cpp">
      <Filter>Engine</Filter>
    </ClCompile>
    <ClCompile Include="_Input\_\Engine\Time.cpp">
      <Filter>Engine</Filter>
    </ClCompile>
    <ClCompile Include="_Input\_\Engine\Video.cpp">
      <Filter>Engine</Filter>
    </ClCompile>
    <ClCompile Include="_Input\_\Engine.cpp" />
    <ClCompile Include="_Input\_\Game.cpp" />
    <ClCompile Include="_Input\_\Engine\Character.cpp">
      <Filter>Engine</Filter>
    </ClCompile>
    <ClCompile Include="_Input\_\Engine\Font.cpp">
      <Filter>Engine</Filter>
    </ClCompile>
    <ClCompile Include="_Input\_\Engine\Sound.cpp">
      <Filter>Engine</Filter>
    </ClCompile>
    <ClCompile Include="_Input\_\Engine\Texture.cpp">
      <Filter>Engine</Filter>
    </ClCompile>
    <ClCompile Include="_Input\_\Engine\Track.cpp">
      <Filter>Engine</Filter>
    </ClCompile>
    <ClCompile Include="_Input\_\Engine\Partition.cpp">
      <Filter>Engine</Filter>
    </ClCompile>
  </ItemGroup>
  <ItemGroup>
    <Filter Include="Engine">
      <UniqueIdentifier>{c12fa761-dc42-4998-91ae-0dfb4446dad6}</UniqueIdentifier>
    </Filter>
    <Filter Include="Game">
      <UniqueIdentifier>{4dd6af32-7c2e-455e-87bb-454e9e739b52}</UniqueIdentifier>
    </Filter>
  </ItemGroup>
</Project>