<?xml version="1.0" encoding="utf-8"?>
<Project ToolsVersion="4.0" xmlns="http://schemas.microsoft.com/developer/msbuild/2003">
  <ItemGroup>
    <ClInclude Include="_Input\_\Audio.hpp" />
    <ClInclude Include="_Input\_\Blindness.hpp" />
    <ClInclude Include="_Input\_\Debug.hpp" />
    <ClInclude Include="_Input\_\Input.hpp" />
    <ClInclude Include="_Input\_\Interface.hpp" />
    <ClInclude Include="_Input\_\Level.hpp" />
    <ClInclude Include="_Input\_\Time.hpp" />
    <ClInclude Include="_Input\_\Video.hpp" />
    <ClInclude Include="_Input\_\Input\Keyboard.hpp">
      <Filter>Input</Filter>
    </ClInclude>
    <ClInclude Include="_Input\_\Input\Mouse.hpp">
      <Filter>Input</Filter>
    </ClInclude>
    <ClInclude Include="_Input\_\Input\Mouse\Button.hpp">
      <Filter>Input\Mouse</Filter>
    </ClInclude>
    <ClInclude Include="_Input\_\Input\Mouse\Cursor.hpp">
      <Filter>Input\Mouse</Filter>
    </ClInclude>
    <ClInclude Include="_Input\_\Input\Mouse\Wheel.hpp">
      <Filter>Input\Mouse</Filter>
    </ClInclude>
    <ClInclude Include="_Input\_\Input\Mouse\Cursor\X.hpp">
      <Filter>Input\Mouse\Cursor</Filter>
    </ClInclude>
    <ClInclude Include="_Input\_\Input\Mouse\Cursor\Y.hpp">
      <Filter>Input\Mouse\Cursor</Filter>
    </ClInclude>
    <ClInclude Include="_Input\_\Debug\Assert.hpp">
      <Filter>Debug</Filter>
    </ClInclude>
    <ClInclude Include="_Input\_\Debug\Assert\Error.hpp">
      <Filter>Debug\Assert</Filter>
    </ClInclude>
    <ClInclude Include="_Input\_\Debug\Assert\Information.hpp">
      <Filter>Debug\Assert</Filter>
    </ClInclude>
    <ClInclude Include="_Input\_\Debug\Assert\Warning.hpp">
      <Filter>Debug\Assert</Filter>
    </ClInclude>
    <ClInclude Include="_Input\_\Debug\Assert\Error\SimpleDirectMediaLayer.hpp">
      <Filter>Debug\Assert\Error</Filter>
    </ClInclude>
    <ClInclude Include="_Input\_\Debug\Assert\Information\SimpleDirectMediaLayer.hpp">
      <Filter>Debug\Assert\Information</Filter>
    </ClInclude>
    <ClInclude Include="_Input\_\Debug\Assert\Warning\SimpleDirectMediaLayer.hpp">
      <Filter>Debug\Assert\Warning</Filter>
    </ClInclude>
    <ClInclude Include="_Input\_\Video\Atlas.hpp">
      <Filter>Video</Filter>
    </ClInclude>
    <ClInclude Include="_Input\_\Video\Atlas\Texture.hpp">
      <Filter>Video\Atlas</Filter>
    </ClInclude>
    <ClInclude Include="_Input\_\Audio\Soundtrack.hpp">
      <Filter>Audio</Filter>
    </ClInclude>
    <ClInclude Include="_Input\_\Audio\Soundtrack\Track.hpp">
      <Filter>Audio\Soundtrack</Filter>
    </ClInclude>
    <ClInclude Include="_Input\_\Audio\Soundpack.hpp">
      <Filter>Audio</Filter>
    </ClInclude>
    <ClInclude Include="_Input\_\Audio\Soundpack\Sound.hpp">
      <Filter>Audio\Soundpack</Filter>
    </ClInclude>
    <ClInclude Include="_Input\_\Video\Typeface.hpp">
      <Filter>Video</Filter>
    </ClInclude>
    <ClInclude Include="_Input\_\Video\Typeface\Font.hpp">
      <Filter>Video\Typeface</Filter>
    </ClInclude>
    <ClInclude Include="_Input\_\Video\Typeface\Font\Character.hpp">
      <Filter>Video\Typeface\Font</Filter>
    </ClInclude>
    <ClInclude Include="_Input\_\Level\List.hpp">
      <Filter>Level</Filter>
    </ClInclude>
    <ClInclude Include="_Input\_\Level\Rotation.hpp">
      <Filter>Level</Filter>
    </ClInclude>
    <ClInclude Include="_Input\_\Level\Space.hpp">
      <Filter>Level</Filter>
    </ClInclude>
    <ClInclude Include="_Input\_\Level\Translation.hpp">
      <Filter>Level</Filter>
    </ClInclude>
  </ItemGroup>
  <ItemGroup>
    <ClCompile Include="_Input\_\Audio.cpp" />
    <ClCompile Include="_Input\_\Blindness.cpp" />
    <ClCompile Include="_Input\_\Debug.cpp" />
    <ClCompile Include="_Input\_\Input.cpp" />
    <ClCompile Include="_Input\_\Interface.cpp" />
    <ClCompile Include="_Input\_\Level.cpp" />
    <ClCompile Include="_Input\_\Time.cpp" />
    <ClCompile Include="_Input\_\Video.cpp" />
    <ClCompile Include="_Input\_\Input\Keyboard.cpp">
      <Filter>Input</Filter>
    </ClCompile>
    <ClCompile Include="_Input\_\Input\Mouse.cpp">
      <Filter>Input</Filter>
    </ClCompile>
    <ClCompile Include="_Input\_\Input\Mouse\Button.cpp">
      <Filter>Input\Mouse</Filter>
    </ClCompile>
    <ClCompile Include="_Input\_\Input\Mouse\Cursor.cpp">
      <Filter>Input\Mouse</Filter>
    </ClCompile>
    <ClCompile Include="_Input\_\Input\Mouse\Wheel.cpp">
      <Filter>Input\Mouse</Filter>
    </ClCompile>
    <ClCompile Include="_Input\_\Input\Mouse\Cursor\X.cpp">
      <Filter>Input\Mouse\Cursor</Filter>
    </ClCompile>
    <ClCompile Include="_Input\_\Input\Mouse\Cursor\Y.cpp">
      <Filter>Input\Mouse\Cursor</Filter>
    </ClCompile>
    <ClCompile Include="_Input\_\Debug\Assert.cpp">
      <Filter>Debug</Filter>
    </ClCompile>
    <ClCompile Include="_Input\_\Debug\Assert\Error.cpp">
      <Filter>Debug\Assert</Filter>
    </ClCompile>
    <ClCompile Include="_Input\_\Debug\Assert\Information.cpp">
      <Filter>Debug\Assert</Filter>
    </ClCompile>
    <ClCompile Include="_Input\_\Debug\Assert\Warning.cpp">
      <Filter>Debug\Assert</Filter>
    </ClCompile>
    <ClCompile Include="_Input\_\Debug\Assert\Error\SimpleDirectMediaLayer.cpp">
      <Filter>Debug\Assert\Error</Filter>
    </ClCompile>
    <ClCompile Include="_Input\_\Debug\Assert\Information\SimpleDirectMediaLayer.cpp">
      <Filter>Debug\Assert\Information</Filter>
    </ClCompile>
    <ClCompile Include="_Input\_\Debug\Assert\Warning\SimpleDirectMediaLayer.cpp">
      <Filter>Debug\Assert\Warning</Filter>
    </ClCompile>
    <ClCompile Include="_Input\_\Video\Atlas.cpp">
      <Filter>Video</Filter>
    </ClCompile>
    <ClCompile Include="_Input\_\Video\Atlas\Texture.cpp">
      <Filter>Video\Atlas</Filter>
    </ClCompile>
    <ClCompile Include="_Input\_\Audio\Soundtrack.cpp">
      <Filter>Audio</Filter>
    </ClCompile>
    <ClCompile Include="_Input\_\Audio\Soundtrack\Track.cpp">
      <Filter>Audio\Soundtrack</Filter>
    </ClCompile>
    <ClCompile Include="_Input\_\Audio\Soundpack.cpp">
      <Filter>Audio</Filter>
    </ClCompile>
    <ClCompile Include="_Input\_\Audio\Soundpack\Sound.cpp">
      <Filter>Audio\Soundpack</Filter>
    </ClCompile>
    <ClCompile Include="_Input\_\Video\Typeface.cpp">
      <Filter>Video</Filter>
    </ClCompile>
    <ClCompile Include="_Input\_\Video\Typeface\Font.cpp">
      <Filter>Video\Typeface</Filter>
    </ClCompile>
    <ClCompile Include="_Input\_\Video\Typeface\Font\Character.cpp">
      <Filter>Video\Typeface\Font</Filter>
    </ClCompile>
    <ClCompile Include="_Input\_\Level\List.cpp">
      <Filter>Level</Filter>
    </ClCompile>
    <ClCompile Include="_Input\_\Level\Rotation.cpp">
      <Filter>Level</Filter>
    </ClCompile>
    <ClCompile Include="_Input\_\Level\Space.cpp">
      <Filter>Level</Filter>
    </ClCompile>
    <ClCompile Include="_Input\_\Level\Translation.cpp">
      <Filter>Level</Filter>
    </ClCompile>
  </ItemGroup>
  <ItemGroup>
    <Filter Include="Debug">
      <UniqueIdentifier>{8b39bba5-20d5-44a5-b2cc-d5b53247d68e}</UniqueIdentifier>
    </Filter>
    <Filter Include="Input">
      <UniqueIdentifier>{6af9df4f-56f4-4189-a6d3-29f99a231ed0}</UniqueIdentifier>
    </Filter>
    <Filter Include="Debug\Assert">
      <UniqueIdentifier>{7622bc6c-eaee-4ebd-b8b8-d4d35c44aeb0}</UniqueIdentifier>
    </Filter>
    <Filter Include="Debug\Assert\Error">
      <UniqueIdentifier>{68140e11-4469-4934-8831-a780377ccc00}</UniqueIdentifier>
    </Filter>
    <Filter Include="Debug\Assert\Warning">
      <UniqueIdentifier>{59e678d8-e74a-4a31-90e8-350dc10ebf36}</UniqueIdentifier>
    </Filter>
    <Filter Include="Debug\Assert\Information">
      <UniqueIdentifier>{c8365d59-c509-42d9-b611-df59dfded9f2}</UniqueIdentifier>
    </Filter>
    <Filter Include="Input\Mouse">
      <UniqueIdentifier>{8dfe9da1-8d53-4150-820f-b31bc5e1b2c4}</UniqueIdentifier>
    </Filter>
    <Filter Include="Input\Mouse\Cursor">
      <UniqueIdentifier>{60621bcf-5a32-405a-81e7-aa63ba04d8f2}</UniqueIdentifier>
    </Filter>
    <Filter Include="Audio">
      <UniqueIdentifier>{11b354de-f084-4c52-9052-1c1d0e113caa}</UniqueIdentifier>
    </Filter>
    <Filter Include="Video">
      <UniqueIdentifier>{e2c279e3-21f1-4ace-a7c3-772b84c57d9e}</UniqueIdentifier>
    </Filter>
    <Filter Include="Video\Atlas">
      <UniqueIdentifier>{6eef4b2b-ae9e-4c0d-be00-6e206492ae58}</UniqueIdentifier>
    </Filter>
    <Filter Include="Audio\Soundtrack">
      <UniqueIdentifier>{6b4696ed-6f46-4183-89dd-097447a19fed}</UniqueIdentifier>
    </Filter>
    <Filter Include="Audio\Soundpack">
      <UniqueIdentifier>{6d625132-cace-4617-aa20-7156803b657f}</UniqueIdentifier>
    </Filter>
    <Filter Include="Input\Level">
      <UniqueIdentifier>{37badcea-5a20-4d69-98c3-a8ef8967a604}</UniqueIdentifier>
    </Filter>
    <Filter Include="Video\Typeface">
      <UniqueIdentifier>{812b4d2f-e949-4c8d-83b9-348fc74c003b}</UniqueIdentifier>
    </Filter>
    <Filter Include="Video\Typeface\Font">
      <UniqueIdentifier>{be8debe4-8e2e-48cc-87e1-5ad06a12cbc2}</UniqueIdentifier>
    </Filter>
    <Filter Include="Level">
      <UniqueIdentifier>{070afbd2-2943-4cff-8a87-f75196364ef5}</UniqueIdentifier>
    </Filter>
  </ItemGroup>
</Project>