<?xml version="1.0" encoding="utf-8"?>
<Project ToolsVersion="4.0" xmlns="http://schemas.microsoft.com/developer/msbuild/2003">
  <ItemGroup>
    <ClInclude Include="_\_\Video.hpp" />
    <ClInclude Include="_\_\Debug.hpp" />
    <ClInclude Include="_\_\MRKOGL.hpp" />
    <ClInclude Include="_\_\Time.hpp" />
    <ClInclude Include="_\_\Input.hpp" />
    <ClInclude Include="_\_\Input\Keyboard.hpp">
      <Filter>Input</Filter>
    </ClInclude>
    <ClInclude Include="_\_\Input\Mouse.hpp">
      <Filter>Input</Filter>
    </ClInclude>
    <ClInclude Include="_\_\Input\Mouse\Button.hpp">
      <Filter>Input\Mouse</Filter>
    </ClInclude>
    <ClInclude Include="_\_\Input\Mouse\Wheel.hpp">
      <Filter>Input\Mouse</Filter>
    </ClInclude>
    <ClInclude Include="_\_\Input\Mouse\Cursor.hpp">
      <Filter>Input\Mouse</Filter>
    </ClInclude>
    <ClInclude Include="_\_\Input\Mouse\Cursor\X.hpp">
      <Filter>Input\Mouse\Cursor</Filter>
    </ClInclude>
    <ClInclude Include="_\_\Input\Mouse\Cursor\Y.hpp">
      <Filter>Input\Mouse\Cursor</Filter>
    </ClInclude>
    <ClInclude Include="_\_\Debug\Assert.hpp">
      <Filter>Debug</Filter>
    </ClInclude>
    <ClInclude Include="_\_\Debug\Assert\Error.hpp">
      <Filter>Debug\Assert</Filter>
    </ClInclude>
    <ClInclude Include="_\_\Debug\Assert\Error\SDL.hpp">
      <Filter>Debug\Assert\Error</Filter>
    </ClInclude>
    <ClInclude Include="_\_\Debug\Assert\Information.hpp">
      <Filter>Debug\Assert</Filter>
    </ClInclude>
    <ClInclude Include="_\_\Debug\Assert\Warning.hpp">
      <Filter>Debug\Assert</Filter>
    </ClInclude>
    <ClInclude Include="_\_\Debug\Assert\Warning\SDL.hpp">
      <Filter>Debug\Assert\Warning</Filter>
    </ClInclude>
    <ClInclude Include="_\_\Debug\Assert\Information\SDL.hpp">
      <Filter>Debug\Assert\Information</Filter>
    </ClInclude>
    <ClInclude Include="_\_\Audio.hpp" />
    <ClInclude Include="_\_\Audio\Music.hpp">
      <Filter>Audio</Filter>
    </ClInclude>
    <ClInclude Include="_\_\Audio\Sound.hpp">
      <Filter>Audio</Filter>
    </ClInclude>
    <ClInclude Include="_\_\Level.hpp" />
    <ClInclude Include="_\_\Interface.hpp" />
    <ClInclude Include="_\_\Level\Rotation.hpp">
      <Filter>Level</Filter>
    </ClInclude>
    <ClInclude Include="_\_\Level\Translation.hpp">
      <Filter>Level</Filter>
    </ClInclude>
  </ItemGroup>
  <ItemGroup>
    <ClCompile Include="_\_\Video.cpp" />
    <ClCompile Include="_\_\Debug.cpp" />
    <ClCompile Include="_\_\MRKOGL.cpp" />
    <ClCompile Include="_\_\Time.cpp" />
    <ClCompile Include="_\_\Input.cpp" />
    <ClCompile Include="_\_\Input\Keyboard.cpp">
      <Filter>Input</Filter>
    </ClCompile>
    <ClCompile Include="_\_\Input\Mouse.cpp">
      <Filter>Input</Filter>
    </ClCompile>
    <ClCompile Include="_\_\Input\Mouse\Button.cpp">
      <Filter>Input\Mouse</Filter>
    </ClCompile>
    <ClCompile Include="_\_\Input\Mouse\Wheel.cpp">
      <Filter>Input\Mouse</Filter>
    </ClCompile>
    <ClCompile Include="_\_\Input\Mouse\Cursor.cpp">
      <Filter>Input\Mouse</Filter>
    </ClCompile>
    <ClCompile Include="_\_\Input\Mouse\Cursor\X.cpp">
      <Filter>Input\Mouse\Cursor</Filter>
    </ClCompile>
    <ClCompile Include="_\_\Input\Mouse\Cursor\Y.cpp">
      <Filter>Input\Mouse\Cursor</Filter>
    </ClCompile>
    <ClCompile Include="_\_\Debug\Assert.cpp">
      <Filter>Debug</Filter>
    </ClCompile>
    <ClCompile Include="_\_\Debug\Assert\Error.cpp">
      <Filter>Debug\Assert</Filter>
    </ClCompile>
    <ClCompile Include="_\_\Debug\Assert\Error\SDL.cpp">
      <Filter>Debug\Assert\Error</Filter>
    </ClCompile>
    <ClCompile Include="_\_\Debug\Assert\Information.cpp">
      <Filter>Debug\Assert</Filter>
    </ClCompile>
    <ClCompile Include="_\_\Debug\Assert\Warning.cpp">
      <Filter>Debug\Assert</Filter>
    </ClCompile>
    <ClCompile Include="_\_\Debug\Assert\Warning\SDL.cpp">
      <Filter>Debug\Assert\Warning</Filter>
    </ClCompile>
    <ClCompile Include="_\_\Debug\Assert\Information\SDL.cpp">
      <Filter>Debug\Assert\Information</Filter>
    </ClCompile>
    <ClCompile Include="_\_\Audio.cpp" />
    <ClCompile Include="_\_\Audio\Music.cpp">
      <Filter>Audio</Filter>
    </ClCompile>
    <ClCompile Include="_\_\Audio\Sound.cpp">
      <Filter>Audio</Filter>
    </ClCompile>
    <ClCompile Include="_\_\Level.cpp" />
    <ClCompile Include="_\_\Interface.cpp" />
    <ClCompile Include="_\_\Level\Rotation.cpp">
      <Filter>Level</Filter>
    </ClCompile>
    <ClCompile Include="_\_\Level\Translation.cpp">
      <Filter>Level</Filter>
    </ClCompile>
  </ItemGroup>
  <ItemGroup>
    <Filter Include="Input">
      <UniqueIdentifier>{d40eeabe-4468-4066-b488-96f87d76ee9c}</UniqueIdentifier>
    </Filter>
    <Filter Include="Input\Mouse">
      <UniqueIdentifier>{f79e27f5-f0e8-4c19-8ee6-b7b365b5f1aa}</UniqueIdentifier>
    </Filter>
    <Filter Include="Input\Mouse\Cursor">
      <UniqueIdentifier>{28bca7b0-4843-45b7-abd2-f5e6774a2cd9}</UniqueIdentifier>
    </Filter>
    <Filter Include="Debug">
      <UniqueIdentifier>{133394a4-23a6-4d5a-9f62-8926c1b02096}</UniqueIdentifier>
    </Filter>
    <Filter Include="Debug\Assert">
      <UniqueIdentifier>{0f1ffbc8-9cd8-45f8-82c9-40e838d6fd26}</UniqueIdentifier>
    </Filter>
    <Filter Include="Debug\Assert\Error">
      <UniqueIdentifier>{aa142129-e542-42f1-a86b-ee2a175846ca}</UniqueIdentifier>
    </Filter>
    <Filter Include="Debug\Assert\Warning">
      <UniqueIdentifier>{639286e4-be09-4453-a68b-57ab112c2c89}</UniqueIdentifier>
    </Filter>
    <Filter Include="Debug\Assert\Information">
      <UniqueIdentifier>{33a734a8-c828-4587-806f-1544cfc7417b}</UniqueIdentifier>
    </Filter>
    <Filter Include="Audio">
      <UniqueIdentifier>{f638080b-9816-4f63-801c-48b82d2bf3ef}</UniqueIdentifier>
    </Filter>
    <Filter Include="Level">
      <UniqueIdentifier>{e43c11de-006f-455f-9f81-f05e90b400c3}</UniqueIdentifier>
    </Filter>
  </ItemGroup>
</Project>